
Microsoft Visual Studio Solution File, Format Version 11.00
# Visual Studio 2010
Project("{FAE04EC0-301F-11D3-BF4B-00C04F79EFBC}") = "Assembly-CSharp", "Assembly-CSharp.csproj", "{f84e8239-c56d-3180-97d7-092bdef98b47}"
EndProject
Project("{FAE04EC0-301F-11D3-BF4B-00C04F79EFBC}") = "Assembly-CSharp-Editor", "Assembly-CSharp-Editor.csproj", "{3daba420-2827-1710-79cc-da1e8784033a}"
EndProject
Global
	GlobalSection(SolutionConfigurationPlatforms) = preSolution
		Debug|Any CPU = Debug|Any CPU
	EndGlobalSection
	GlobalSection(ProjectConfigurationPlatforms) = postSolution
		{f84e8239-c56d-3180-97d7-092bdef98b47}.Debug|Any CPU.ActiveCfg = Debug|Any CPU
		{f84e8239-c56d-3180-97d7-092bdef98b47}.Debug|Any CPU.Build.0 = Debug|Any CPU
		{3daba420-2827-1710-79cc-da1e8784033a}.Debug|Any CPU.ActiveCfg = Debug|Any CPU
		{3daba420-2827-1710-79cc-da1e8784033a}.Debug|Any CPU.Build.0 = Debug|Any CPU
	EndGlobalSection
	GlobalSection(SolutionProperties) = preSolution
		HideSolutionNode = FALSE
	EndGlobalSection
EndGlobal
